{
    "requires": true,
    "lockfileVersion": 1,
    "dependencies": {
        "jquery": {
            "version": "3.5.1",
            "resolved": "https://registry.npmjs.org/jquery/-/jquery-3.5.1.tgz",
            "integrity": "sha512-XwIBPqcMn57FxfT+Go5pzySnm4KWkT1Tv7gjrpT1srtf8Weynl6R273VJ5GjkRb51IzMp5nbaPjJXMWeju2MKg=="
        },
        "jquerydeparam": {
            "version": "1.1.5",
            "resolved": "https://registry.npmjs.org/jquerydeparam/-/jquerydeparam-1.1.5.tgz",
            "integrity": "sha512-ibxDZ4RGr8zdVqhmEL+oNd+PdFR6BCT/kufjKcEtJGCkshfEiKR2GefsXGEvz+FDcZz3mGVv+a/Cfgaf5L1ohw=="
        },
        "jqueryrouter": {
            "version": "2.2.12",
            "resolved": "https://registry.npmjs.org/jqueryrouter/-/jqueryrouter-2.2.12.tgz",
            "integrity": "sha512-IUgLUz39L3E2YKRSAme7TGoQB1CBlUbtaNHHsNjIk2caoACnv5pPbnvpgtvzCnXBi1oC/4tF5oLBgQERiXxXRQ=="
        }
    }
}
